// !$*UTF8*$!
{
	archiveVersion = 1;
	classes = {
	};
	objectVersion = 50;
	objects = {

/* Begin PBXBuildFile section */
		045F5F4F283E96EC006853BB /* RegisterViewController.swift in Sources */ = {isa = PBXBuildFile; fileRef = 045F5F4D283E96EC006853BB /* RegisterViewController.swift */; };
		045F5F50283E96EC006853BB /* RegisterViewController.xib in Resources */ = {isa = PBXBuildFile; fileRef = 045F5F4E283E96EC006853BB /* RegisterViewController.xib */; };
		045F5F54283EA590006853BB /* RegisterViewModel.swift in Sources */ = {isa = PBXBuildFile; fileRef = 045F5F53283EA590006853BB /* RegisterViewModel.swift */; };
		045F5F57283EB2D2006853BB /* SettingViewModel.swift in Sources */ = {isa = PBXBuildFile; fileRef = 045F5F56283EB2D2006853BB /* SettingViewModel.swift */; };
		045F5F5A283EB2E6006853BB /* SettingsViewController.swift in Sources */ = {isa = PBXBuildFile; fileRef = 045F5F58283EB2E6006853BB /* SettingsViewController.swift */; };
		045F5F5B283EB2E6006853BB /* SettingsViewController.xib in Resources */ = {isa = PBXBuildFile; fileRef = 045F5F59283EB2E6006853BB /* SettingsViewController.xib */; };
		045F5F62283EB337006853BB /* ProfileViewModel.swift in Sources */ = {isa = PBXBuildFile; fileRef = 045F5F61283EB337006853BB /* ProfileViewModel.swift */; };
		045F5F65283EB350006853BB /* ProfileViewController.swift in Sources */ = {isa = PBXBuildFile; fileRef = 045F5F63283EB350006853BB /* ProfileViewController.swift */; };
		045F5F66283EB350006853BB /* ProfileViewController.xib in Resources */ = {isa = PBXBuildFile; fileRef = 045F5F64283EB350006853BB /* ProfileViewController.xib */; };
		046FC07B283D8AD0000E46E8 /* Coordinator.swift in Sources */ = {isa = PBXBuildFile; fileRef = 046FC07A283D8AD0000E46E8 /* Coordinator.swift */; };
		046FC07D283D8AF3000E46E8 /* AppCoordinator.swift in Sources */ = {isa = PBXBuildFile; fileRef = 046FC07C283D8AF3000E46E8 /* AppCoordinator.swift */; };
		046FC07F283D8BC8000E46E8 /* SplashScreen.xib in Resources */ = {isa = PBXBuildFile; fileRef = 046FC07E283D8BC8000E46E8 /* SplashScreen.xib */; };
		046FC085283D8CF3000E46E8 /* SplashViewModel.swift in Sources */ = {isa = PBXBuildFile; fileRef = 046FC084283D8CF3000E46E8 /* SplashViewModel.swift */; };
		7607DE6A283E8B0500A014C7 /* TabBarController.swift in Sources */ = {isa = PBXBuildFile; fileRef = 7607DE68283E8B0500A014C7 /* TabBarController.swift */; };
		7607DE6D283E8BF900A014C7 /* FloatingBarView.swift in Sources */ = {isa = PBXBuildFile; fileRef = 7607DE6C283E8BF900A014C7 /* FloatingBarView.swift */; };
		7607DE6F283E8E5200A014C7 /* UIView.swift in Sources */ = {isa = PBXBuildFile; fileRef = 7607DE6E283E8E5200A014C7 /* UIView.swift */; };
		7607DE74283E8FA800A014C7 /* BaseViewController.swift in Sources */ = {isa = PBXBuildFile; fileRef = 7607DE73283E8FA800A014C7 /* BaseViewController.swift */; };
		7607DE78283EB44D00A014C7 /* HomeViewController.swift in Sources */ = {isa = PBXBuildFile; fileRef = 7607DE76283EB44D00A014C7 /* HomeViewController.swift */; };
		7607DE79283EB44D00A014C7 /* HomeViewController.xib in Resources */ = {isa = PBXBuildFile; fileRef = 7607DE77283EB44D00A014C7 /* HomeViewController.xib */; };
		76ED8AAC283ACFC6009F9C61 /* AppDelegate.swift in Sources */ = {isa = PBXBuildFile; fileRef = 76ED8AAB283ACFC6009F9C61 /* AppDelegate.swift */; };
		76ED8AB0283ACFC6009F9C61 /* SplashViewController.swift in Sources */ = {isa = PBXBuildFile; fileRef = 76ED8AAF283ACFC6009F9C61 /* SplashViewController.swift */; };
		76ED8AB6283ACFC6009F9C61 /* BetterBuy.xcdatamodeld in Sources */ = {isa = PBXBuildFile; fileRef = 76ED8AB4283ACFC6009F9C61 /* BetterBuy.xcdatamodeld */; };
		76ED8AB8283ACFC9009F9C61 /* Assets.xcassets in Resources */ = {isa = PBXBuildFile; fileRef = 76ED8AB7283ACFC9009F9C61 /* Assets.xcassets */; };
		76ED8ABB283ACFC9009F9C61 /* LaunchScreen.storyboard in Resources */ = {isa = PBXBuildFile; fileRef = 76ED8AB9283ACFC9009F9C61 /* LaunchScreen.storyboard */; };
		76ED8AC6283ACFCA009F9C61 /* BetterBuyTests.swift in Sources */ = {isa = PBXBuildFile; fileRef = 76ED8AC5283ACFCA009F9C61 /* BetterBuyTests.swift */; };
/* End PBXBuildFile section */

/* Begin PBXContainerItemProxy section */
		76ED8AC2283ACFCA009F9C61 /* PBXContainerItemProxy */ = {
			isa = PBXContainerItemProxy;
			containerPortal = 76ED8AA0283ACFC6009F9C61 /* Project object */;
			proxyType = 1;
			remoteGlobalIDString = 76ED8AA7283ACFC6009F9C61;
			remoteInfo = BetterBuy;
		};
/* End PBXContainerItemProxy section */

/* Begin PBXFileReference section */
		045F5F4D283E96EC006853BB /* RegisterViewController.swift */ = {isa = PBXFileReference; lastKnownFileType = sourcecode.swift; path = RegisterViewController.swift; sourceTree = "<group>"; };
		045F5F4E283E96EC006853BB /* RegisterViewController.xib */ = {isa = PBXFileReference; lastKnownFileType = file.xib; path = RegisterViewController.xib; sourceTree = "<group>"; };
		045F5F53283EA590006853BB /* RegisterViewModel.swift */ = {isa = PBXFileReference; lastKnownFileType = sourcecode.swift; path = RegisterViewModel.swift; sourceTree = "<group>"; };
		045F5F56283EB2D2006853BB /* SettingViewModel.swift */ = {isa = PBXFileReference; lastKnownFileType = sourcecode.swift; path = SettingViewModel.swift; sourceTree = "<group>"; };
		045F5F58283EB2E6006853BB /* SettingsViewController.swift */ = {isa = PBXFileReference; lastKnownFileType = sourcecode.swift; path = SettingsViewController.swift; sourceTree = "<group>"; };
		045F5F59283EB2E6006853BB /* SettingsViewController.xib */ = {isa = PBXFileReference; lastKnownFileType = file.xib; path = SettingsViewController.xib; sourceTree = "<group>"; };
		045F5F61283EB337006853BB /* ProfileViewModel.swift */ = {isa = PBXFileReference; lastKnownFileType = sourcecode.swift; path = ProfileViewModel.swift; sourceTree = "<group>"; };
		045F5F63283EB350006853BB /* ProfileViewController.swift */ = {isa = PBXFileReference; lastKnownFileType = sourcecode.swift; path = ProfileViewController.swift; sourceTree = "<group>"; };
		045F5F64283EB350006853BB /* ProfileViewController.xib */ = {isa = PBXFileReference; lastKnownFileType = file.xib; path = ProfileViewController.xib; sourceTree = "<group>"; };
		046FC07A283D8AD0000E46E8 /* Coordinator.swift */ = {isa = PBXFileReference; lastKnownFileType = sourcecode.swift; path = Coordinator.swift; sourceTree = "<group>"; };
		046FC07C283D8AF3000E46E8 /* AppCoordinator.swift */ = {isa = PBXFileReference; lastKnownFileType = sourcecode.swift; path = AppCoordinator.swift; sourceTree = "<group>"; };
		046FC07E283D8BC8000E46E8 /* SplashScreen.xib */ = {isa = PBXFileReference; lastKnownFileType = file.xib; path = SplashScreen.xib; sourceTree = "<group>"; };
		046FC084283D8CF3000E46E8 /* SplashViewModel.swift */ = {isa = PBXFileReference; lastKnownFileType = sourcecode.swift; path = SplashViewModel.swift; sourceTree = "<group>"; };
		7607DE68283E8B0500A014C7 /* TabBarController.swift */ = {isa = PBXFileReference; lastKnownFileType = sourcecode.swift; path = TabBarController.swift; sourceTree = "<group>"; };
		7607DE6C283E8BF900A014C7 /* FloatingBarView.swift */ = {isa = PBXFileReference; lastKnownFileType = sourcecode.swift; path = FloatingBarView.swift; sourceTree = "<group>"; };
		7607DE6E283E8E5200A014C7 /* UIView.swift */ = {isa = PBXFileReference; lastKnownFileType = sourcecode.swift; path = UIView.swift; sourceTree = "<group>"; };
		7607DE73283E8FA800A014C7 /* BaseViewController.swift */ = {isa = PBXFileReference; lastKnownFileType = sourcecode.swift; path = BaseViewController.swift; sourceTree = "<group>"; };
		7607DE76283EB44D00A014C7 /* HomeViewController.swift */ = {isa = PBXFileReference; lastKnownFileType = sourcecode.swift; path = HomeViewController.swift; sourceTree = "<group>"; };
		7607DE77283EB44D00A014C7 /* HomeViewController.xib */ = {isa = PBXFileReference; lastKnownFileType = file.xib; path = HomeViewController.xib; sourceTree = "<group>"; };
		76ED8AA8283ACFC6009F9C61 /* BetterBuy.app */ = {isa = PBXFileReference; explicitFileType = wrapper.application; includeInIndex = 0; path = BetterBuy.app; sourceTree = BUILT_PRODUCTS_DIR; };
		76ED8AAB283ACFC6009F9C61 /* AppDelegate.swift */ = {isa = PBXFileReference; lastKnownFileType = sourcecode.swift; path = AppDelegate.swift; sourceTree = "<group>"; };
		76ED8AAF283ACFC6009F9C61 /* SplashViewController.swift */ = {isa = PBXFileReference; lastKnownFileType = sourcecode.swift; path = SplashViewController.swift; sourceTree = "<group>"; };
		76ED8AB5283ACFC6009F9C61 /* BetterBuy.xcdatamodel */ = {isa = PBXFileReference; lastKnownFileType = wrapper.xcdatamodel; path = BetterBuy.xcdatamodel; sourceTree = "<group>"; };
		76ED8AB7283ACFC9009F9C61 /* Assets.xcassets */ = {isa = PBXFileReference; lastKnownFileType = folder.assetcatalog; path = Assets.xcassets; sourceTree = "<group>"; };
		76ED8ABA283ACFC9009F9C61 /* Base */ = {isa = PBXFileReference; lastKnownFileType = file.storyboard; name = Base; path = Base.lproj/LaunchScreen.storyboard; sourceTree = "<group>"; };
		76ED8ABC283ACFC9009F9C61 /* Info.plist */ = {isa = PBXFileReference; lastKnownFileType = text.plist.xml; path = Info.plist; sourceTree = "<group>"; };
		76ED8AC1283ACFCA009F9C61 /* BetterBuyTests.xctest */ = {isa = PBXFileReference; explicitFileType = wrapper.cfbundle; includeInIndex = 0; path = BetterBuyTests.xctest; sourceTree = BUILT_PRODUCTS_DIR; };
		76ED8AC5283ACFCA009F9C61 /* BetterBuyTests.swift */ = {isa = PBXFileReference; lastKnownFileType = sourcecode.swift; path = BetterBuyTests.swift; sourceTree = "<group>"; };
		76ED8AC7283ACFCA009F9C61 /* Info.plist */ = {isa = PBXFileReference; lastKnownFileType = text.plist.xml; path = Info.plist; sourceTree = "<group>"; };
/* End PBXFileReference section */

/* Begin PBXFrameworksBuildPhase section */
		76ED8AA5283ACFC6009F9C61 /* Frameworks */ = {
			isa = PBXFrameworksBuildPhase;
			buildActionMask = 2147483647;
			files = (
			);
			runOnlyForDeploymentPostprocessing = 0;
		};
		76ED8ABE283ACFCA009F9C61 /* Frameworks */ = {
			isa = PBXFrameworksBuildPhase;
			buildActionMask = 2147483647;
			files = (
			);
			runOnlyForDeploymentPostprocessing = 0;
		};
/* End PBXFrameworksBuildPhase section */

/* Begin PBXGroup section */
		045F5F51283E96FA006853BB /* View */ = {
			isa = PBXGroup;
			children = (
				045F5F4D283E96EC006853BB /* RegisterViewController.swift */,
				045F5F4E283E96EC006853BB /* RegisterViewController.xib */,
			);
			path = View;
			sourceTree = "<group>";
		};
		045F5F52283EA574006853BB /* ViewModel */ = {
			isa = PBXGroup;
			children = (
				045F5F53283EA590006853BB /* RegisterViewModel.swift */,
			);
			path = ViewModel;
			sourceTree = "<group>";
		};
		045F5F55283EB2BE006853BB /* Settings */ = {
			isa = PBXGroup;
			children = (
				045F5F5D283EB2FE006853BB /* View */,
				045F5F5C283EB2F2006853BB /* ViewController */,
			);
			path = Settings;
			sourceTree = "<group>";
		};
		045F5F5C283EB2F2006853BB /* ViewController */ = {
			isa = PBXGroup;
			children = (
				045F5F58283EB2E6006853BB /* SettingsViewController.swift */,
				045F5F59283EB2E6006853BB /* SettingsViewController.xib */,
			);
			path = ViewController;
			sourceTree = "<group>";
		};
		045F5F5D283EB2FE006853BB /* View */ = {
			isa = PBXGroup;
			children = (
				045F5F56283EB2D2006853BB /* SettingViewModel.swift */,
			);
			path = View;
			sourceTree = "<group>";
		};
		045F5F5E283EB30E006853BB /* Profile */ = {
			isa = PBXGroup;
			children = (
				045F5F60283EB31E006853BB /* ViewModel */,
				045F5F5F283EB317006853BB /* View */,
			);
			path = Profile;
			sourceTree = "<group>";
		};
		045F5F5F283EB317006853BB /* View */ = {
			isa = PBXGroup;
			children = (
				045F5F63283EB350006853BB /* ProfileViewController.swift */,
				045F5F64283EB350006853BB /* ProfileViewController.xib */,
			);
			path = View;
			sourceTree = "<group>";
		};
		045F5F60283EB31E006853BB /* ViewModel */ = {
			isa = PBXGroup;
			children = (
				045F5F61283EB337006853BB /* ProfileViewModel.swift */,
			);
			path = ViewModel;
			sourceTree = "<group>";
		};
		046FC080283D8C55000E46E8 /* Coordinators */ = {
			isa = PBXGroup;
			children = (
				046FC07A283D8AD0000E46E8 /* Coordinator.swift */,
				046FC07C283D8AF3000E46E8 /* AppCoordinator.swift */,
			);
			path = Coordinators;
			sourceTree = "<group>";
		};
		046FC081283D8C84000E46E8 /* SplashScreen */ = {
			isa = PBXGroup;
			children = (
				046FC083283D8CB0000E46E8 /* ViewModel */,
				046FC082283D8C9C000E46E8 /* View */,
			);
			path = SplashScreen;
			sourceTree = "<group>";
		};
		046FC082283D8C9C000E46E8 /* View */ = {
			isa = PBXGroup;
			children = (
				76ED8AAF283ACFC6009F9C61 /* SplashViewController.swift */,
				046FC07E283D8BC8000E46E8 /* SplashScreen.xib */,
			);
			path = View;
			sourceTree = "<group>";
		};
		046FC083283D8CB0000E46E8 /* ViewModel */ = {
			isa = PBXGroup;
			children = (
				046FC084283D8CF3000E46E8 /* SplashViewModel.swift */,
			);
			path = ViewModel;
			sourceTree = "<group>";
		};
		046FC08A283D9E6B000E46E8 /* RegisterScreen */ = {
			isa = PBXGroup;
			children = (
				045F5F52283EA574006853BB /* ViewModel */,
				045F5F51283E96FA006853BB /* View */,
			);
			path = RegisterScreen;
			sourceTree = "<group>";
		};
		7607DE67283E8A9E00A014C7 /* TabBarController */ = {
			isa = PBXGroup;
			children = (
				7607DE68283E8B0500A014C7 /* TabBarController.swift */,
				7607DE6C283E8BF900A014C7 /* FloatingBarView.swift */,
			);
			path = TabBarController;
			sourceTree = "<group>";
		};
		7607DE70283E8E7300A014C7 /* UIView */ = {
			isa = PBXGroup;
			children = (
				7607DE6E283E8E5200A014C7 /* UIView.swift */,
			);
			path = UIView;
			sourceTree = "<group>";
		};
		7607DE71283E8E7F00A014C7 /* Extensions */ = {
			isa = PBXGroup;
			children = (
				7607DE70283E8E7300A014C7 /* UIView */,
			);
			path = Extensions;
			sourceTree = "<group>";
		};
		7607DE72283E8F8E00A014C7 /* BaseViewController */ = {
			isa = PBXGroup;
			children = (
				7607DE73283E8FA800A014C7 /* BaseViewController.swift */,
			);
			path = BaseViewController;
			sourceTree = "<group>";
		};
		7607DE75283EB31300A014C7 /* HomeViewController */ = {
			isa = PBXGroup;
			children = (
				7607DE76283EB44D00A014C7 /* HomeViewController.swift */,
				7607DE77283EB44D00A014C7 /* HomeViewController.xib */,
			);
			path = HomeViewController;
			sourceTree = "<group>";
		};
		76ED8A9F283ACFC6009F9C61 = {
			isa = PBXGroup;
			children = (
				76ED8AAA283ACFC6009F9C61 /* BetterBuy */,
				76ED8AC4283ACFCA009F9C61 /* BetterBuyTests */,
				76ED8AA9283ACFC6009F9C61 /* Products */,
			);
			sourceTree = "<group>";
		};
		76ED8AA9283ACFC6009F9C61 /* Products */ = {
			isa = PBXGroup;
			children = (
				76ED8AA8283ACFC6009F9C61 /* BetterBuy.app */,
				76ED8AC1283ACFCA009F9C61 /* BetterBuyTests.xctest */,
			);
			name = Products;
			sourceTree = "<group>";
		};
		76ED8AAA283ACFC6009F9C61 /* BetterBuy */ = {
			isa = PBXGroup;
			children = (
				7607DE75283EB31300A014C7 /* HomeViewController */,
				7607DE72283E8F8E00A014C7 /* BaseViewController */,
				7607DE67283E8A9E00A014C7 /* TabBarController */,
				046FC080283D8C55000E46E8 /* Coordinators */,
				046FC081283D8C84000E46E8 /* SplashScreen */,
				045F5F5E283EB30E006853BB /* Profile */,
				046FC08A283D9E6B000E46E8 /* RegisterScreen */,
				045F5F55283EB2BE006853BB /* Settings */,
				76ED8AAB283ACFC6009F9C61 /* AppDelegate.swift */,
				76ED8AB9283ACFC9009F9C61 /* LaunchScreen.storyboard */,
				76ED8AB7283ACFC9009F9C61 /* Assets.xcassets */,
				76ED8ABC283ACFC9009F9C61 /* Info.plist */,
				76ED8AB4283ACFC6009F9C61 /* BetterBuy.xcdatamodeld */,
				7607DE71283E8E7F00A014C7 /* Extensions */,
			);
			path = BetterBuy;
			sourceTree = "<group>";
		};
		76ED8AC4283ACFCA009F9C61 /* BetterBuyTests */ = {
			isa = PBXGroup;
			children = (
				76ED8AC5283ACFCA009F9C61 /* BetterBuyTests.swift */,
				76ED8AC7283ACFCA009F9C61 /* Info.plist */,
			);
			path = BetterBuyTests;
			sourceTree = "<group>";
		};
/* End PBXGroup section */

/* Begin PBXNativeTarget section */
		76ED8AA7283ACFC6009F9C61 /* BetterBuy */ = {
			isa = PBXNativeTarget;
			buildConfigurationList = 76ED8ACA283ACFCA009F9C61 /* Build configuration list for PBXNativeTarget "BetterBuy" */;
			buildPhases = (
				76ED8AA4283ACFC6009F9C61 /* Sources */,
				76ED8AA5283ACFC6009F9C61 /* Frameworks */,
				76ED8AA6283ACFC6009F9C61 /* Resources */,
			);
			buildRules = (
			);
			dependencies = (
			);
			name = BetterBuy;
			productName = BetterBuy;
			productReference = 76ED8AA8283ACFC6009F9C61 /* BetterBuy.app */;
			productType = "com.apple.product-type.application";
		};
		76ED8AC0283ACFCA009F9C61 /* BetterBuyTests */ = {
			isa = PBXNativeTarget;
			buildConfigurationList = 76ED8ACD283ACFCA009F9C61 /* Build configuration list for PBXNativeTarget "BetterBuyTests" */;
			buildPhases = (
				76ED8ABD283ACFCA009F9C61 /* Sources */,
				76ED8ABE283ACFCA009F9C61 /* Frameworks */,
				76ED8ABF283ACFCA009F9C61 /* Resources */,
			);
			buildRules = (
			);
			dependencies = (
				76ED8AC3283ACFCA009F9C61 /* PBXTargetDependency */,
			);
			name = BetterBuyTests;
			productName = BetterBuyTests;
			productReference = 76ED8AC1283ACFCA009F9C61 /* BetterBuyTests.xctest */;
			productType = "com.apple.product-type.bundle.unit-test";
		};
/* End PBXNativeTarget section */

/* Begin PBXProject section */
		76ED8AA0283ACFC6009F9C61 /* Project object */ = {
			isa = PBXProject;
			attributes = {
				LastSwiftUpdateCheck = 1130;
				LastUpgradeCheck = 1130;
				ORGANIZATIONNAME = "Mohamed Adel";
				TargetAttributes = {
					76ED8AA7283ACFC6009F9C61 = {
						CreatedOnToolsVersion = 11.3.1;
					};
					76ED8AC0283ACFCA009F9C61 = {
						CreatedOnToolsVersion = 11.3.1;
						TestTargetID = 76ED8AA7283ACFC6009F9C61;
					};
				};
			};
			buildConfigurationList = 76ED8AA3283ACFC6009F9C61 /* Build configuration list for PBXProject "BetterBuy" */;
			compatibilityVersion = "Xcode 9.3";
			developmentRegion = en;
			hasScannedForEncodings = 0;
			knownRegions = (
				en,
				Base,
			);
			mainGroup = 76ED8A9F283ACFC6009F9C61;
			productRefGroup = 76ED8AA9283ACFC6009F9C61 /* Products */;
			projectDirPath = "";
			projectRoot = "";
			targets = (
				76ED8AA7283ACFC6009F9C61 /* BetterBuy */,
				76ED8AC0283ACFCA009F9C61 /* BetterBuyTests */,
			);
		};
/* End PBXProject section */

/* Begin PBXResourcesBuildPhase section */
		76ED8AA6283ACFC6009F9C61 /* Resources */ = {
			isa = PBXResourcesBuildPhase;
			buildActionMask = 2147483647;
			files = (
				045F5F66283EB350006853BB /* ProfileViewController.xib in Resources */,
				76ED8ABB283ACFC9009F9C61 /* LaunchScreen.storyboard in Resources */,
				76ED8AB8283ACFC9009F9C61 /* Assets.xcassets in Resources */,
				046FC07F283D8BC8000E46E8 /* SplashScreen.xib in Resources */,
				7607DE79283EB44D00A014C7 /* HomeViewController.xib in Resources */,
				045F5F50283E96EC006853BB /* RegisterViewController.xib in Resources */,
				045F5F5B283EB2E6006853BB /* SettingsViewController.xib in Resources */,
			);
			runOnlyForDeploymentPostprocessing = 0;
		};
		76ED8ABF283ACFCA009F9C61 /* Resources */ = {
			isa = PBXResourcesBuildPhase;
			buildActionMask = 2147483647;
			files = (
			);
			runOnlyForDeploymentPostprocessing = 0;
		};
/* End PBXResourcesBuildPhase section */

/* Begin PBXSourcesBuildPhase section */
		76ED8AA4283ACFC6009F9C61 /* Sources */ = {
			isa = PBXSourcesBuildPhase;
			buildActionMask = 2147483647;
			files = (
				046FC07B283D8AD0000E46E8 /* Coordinator.swift in Sources */,
				76ED8AB6283ACFC6009F9C61 /* BetterBuy.xcdatamodeld in Sources */,
				045F5F4F283E96EC006853BB /* RegisterViewController.swift in Sources */,
				045F5F5A283EB2E6006853BB /* SettingsViewController.swift in Sources */,
				046FC07D283D8AF3000E46E8 /* AppCoordinator.swift in Sources */,
				045F5F54283EA590006853BB /* RegisterViewModel.swift in Sources */,
				045F5F65283EB350006853BB /* ProfileViewController.swift in Sources */,
				046FC085283D8CF3000E46E8 /* SplashViewModel.swift in Sources */,
				7607DE6D283E8BF900A014C7 /* FloatingBarView.swift in Sources */,
				7607DE74283E8FA800A014C7 /* BaseViewController.swift in Sources */,
				7607DE6A283E8B0500A014C7 /* TabBarController.swift in Sources */,
				7607DE78283EB44D00A014C7 /* HomeViewController.swift in Sources */,
				7607DE6F283E8E5200A014C7 /* UIView.swift in Sources */,
				045F5F62283EB337006853BB /* ProfileViewModel.swift in Sources */,
				76ED8AB0283ACFC6009F9C61 /* SplashViewController.swift in Sources */,
				045F5F57283EB2D2006853BB /* SettingViewModel.swift in Sources */,
				76ED8AAC283ACFC6009F9C61 /* AppDelegate.swift in Sources */,
			);
			runOnlyForDeploymentPostprocessing = 0;
		};
		76ED8ABD283ACFCA009F9C61 /* Sources */ = {
			isa = PBXSourcesBuildPhase;
			buildActionMask = 2147483647;
			files = (
				76ED8AC6283ACFCA009F9C61 /* BetterBuyTests.swift in Sources */,
			);
			runOnlyForDeploymentPostprocessing = 0;
		};
/* End PBXSourcesBuildPhase section */

/* Begin PBXTargetDependency section */
		76ED8AC3283ACFCA009F9C61 /* PBXTargetDependency */ = {
			isa = PBXTargetDependency;
			target = 76ED8AA7283ACFC6009F9C61 /* BetterBuy */;
			targetProxy = 76ED8AC2283ACFCA009F9C61 /* PBXContainerItemProxy */;
		};
/* End PBXTargetDependency section */

/* Begin PBXVariantGroup section */
		76ED8AB9283ACFC9009F9C61 /* LaunchScreen.storyboard */ = {
			isa = PBXVariantGroup;
			children = (
				76ED8ABA283ACFC9009F9C61 /* Base */,
			);
			name = LaunchScreen.storyboard;
			sourceTree = "<group>";
		};
/* End PBXVariantGroup section */

/* Begin XCBuildConfiguration section */
		76ED8AC8283ACFCA009F9C61 /* Debug */ = {
			isa = XCBuildConfiguration;
			buildSettings = {
				ALWAYS_SEARCH_USER_PATHS = NO;
				CLANG_ANALYZER_NONNULL = YES;
				CLANG_ANALYZER_NUMBER_OBJECT_CONVERSION = YES_AGGRESSIVE;
				CLANG_CXX_LANGUAGE_STANDARD = "gnu++14";
				CLANG_CXX_LIBRARY = "libc++";
				CLANG_ENABLE_MODULES = YES;
				CLANG_ENABLE_OBJC_ARC = YES;
				CLANG_ENABLE_OBJC_WEAK = YES;
				CLANG_WARN_BLOCK_CAPTURE_AUTORELEASING = YES;
				CLANG_WARN_BOOL_CONVERSION = YES;
				CLANG_WARN_COMMA = YES;
				CLANG_WARN_CONSTANT_CONVERSION = YES;
				CLANG_WARN_DEPRECATED_OBJC_IMPLEMENTATIONS = YES;
				CLANG_WARN_DIRECT_OBJC_ISA_USAGE = YES_ERROR;
				CLANG_WARN_DOCUMENTATION_COMMENTS = YES;
				CLANG_WARN_EMPTY_BODY = YES;
				CLANG_WARN_ENUM_CONVERSION = YES;
				CLANG_WARN_INFINITE_RECURSION = YES;
				CLANG_WARN_INT_CONVERSION = YES;
				CLANG_WARN_NON_LITERAL_NULL_CONVERSION = YES;
				CLANG_WARN_OBJC_IMPLICIT_RETAIN_SELF = YES;
				CLANG_WARN_OBJC_LITERAL_CONVERSION = YES;
				CLANG_WARN_OBJC_ROOT_CLASS = YES_ERROR;
				CLANG_WARN_RANGE_LOOP_ANALYSIS = YES;
				CLANG_WARN_STRICT_PROTOTYPES = YES;
				CLANG_WARN_SUSPICIOUS_MOVE = YES;
				CLANG_WARN_UNGUARDED_AVAILABILITY = YES_AGGRESSIVE;
				CLANG_WARN_UNREACHABLE_CODE = YES;
				CLANG_WARN__DUPLICATE_METHOD_MATCH = YES;
				COPY_PHASE_STRIP = NO;
				DEBUG_INFORMATION_FORMAT = dwarf;
				ENABLE_STRICT_OBJC_MSGSEND = YES;
				ENABLE_TESTABILITY = YES;
				GCC_C_LANGUAGE_STANDARD = gnu11;
				GCC_DYNAMIC_NO_PIC = NO;
				GCC_NO_COMMON_BLOCKS = YES;
				GCC_OPTIMIZATION_LEVEL = 0;
				GCC_PREPROCESSOR_DEFINITIONS = (
					"DEBUG=1",
					"$(inherited)",
				);
				GCC_WARN_64_TO_32_BIT_CONVERSION = YES;
				GCC_WARN_ABOUT_RETURN_TYPE = YES_ERROR;
				GCC_WARN_UNDECLARED_SELECTOR = YES;
				GCC_WARN_UNINITIALIZED_AUTOS = YES_AGGRESSIVE;
				GCC_WARN_UNUSED_FUNCTION = YES;
				GCC_WARN_UNUSED_VARIABLE = YES;
				IPHONEOS_DEPLOYMENT_TARGET = 13.2;
				MTL_ENABLE_DEBUG_INFO = INCLUDE_SOURCE;
				MTL_FAST_MATH = YES;
				ONLY_ACTIVE_ARCH = YES;
				SDKROOT = iphoneos;
				SWIFT_ACTIVE_COMPILATION_CONDITIONS = DEBUG;
				SWIFT_OPTIMIZATION_LEVEL = "-Onone";
			};
			name = Debug;
		};
		76ED8AC9283ACFCA009F9C61 /* Release */ = {
			isa = XCBuildConfiguration;
			buildSettings = {
				ALWAYS_SEARCH_USER_PATHS = NO;
				CLANG_ANALYZER_NONNULL = YES;
				CLANG_ANALYZER_NUMBER_OBJECT_CONVERSION = YES_AGGRESSIVE;
				CLANG_CXX_LANGUAGE_STANDARD = "gnu++14";
				CLANG_CXX_LIBRARY = "libc++";
				CLANG_ENABLE_MODULES = YES;
				CLANG_ENABLE_OBJC_ARC = YES;
				CLANG_ENABLE_OBJC_WEAK = YES;
				CLANG_WARN_BLOCK_CAPTURE_AUTORELEASING = YES;
				CLANG_WARN_BOOL_CONVERSION = YES;
				CLANG_WARN_COMMA = YES;
				CLANG_WARN_CONSTANT_CONVERSION = YES;
				CLANG_WARN_DEPRECATED_OBJC_IMPLEMENTATIONS = YES;
				CLANG_WARN_DIRECT_OBJC_ISA_USAGE = YES_ERROR;
				CLANG_WARN_DOCUMENTATION_COMMENTS = YES;
				CLANG_WARN_EMPTY_BODY = YES;
				CLANG_WARN_ENUM_CONVERSION = YES;
				CLANG_WARN_INFINITE_RECURSION = YES;
				CLANG_WARN_INT_CONVERSION = YES;
				CLANG_WARN_NON_LITERAL_NULL_CONVERSION = YES;
				CLANG_WARN_OBJC_IMPLICIT_RETAIN_SELF = YES;
				CLANG_WARN_OBJC_LITERAL_CONVERSION = YES;
				CLANG_WARN_OBJC_ROOT_CLASS = YES_ERROR;
				CLANG_WARN_RANGE_LOOP_ANALYSIS = YES;
				CLANG_WARN_STRICT_PROTOTYPES = YES;
				CLANG_WARN_SUSPICIOUS_MOVE = YES;
				CLANG_WARN_UNGUARDED_AVAILABILITY = YES_AGGRESSIVE;
				CLANG_WARN_UNREACHABLE_CODE = YES;
				CLANG_WARN__DUPLICATE_METHOD_MATCH = YES;
				COPY_PHASE_STRIP = NO;
				DEBUG_INFORMATION_FORMAT = "dwarf-with-dsym";
				ENABLE_NS_ASSERTIONS = NO;
				ENABLE_STRICT_OBJC_MSGSEND = YES;
				GCC_C_LANGUAGE_STANDARD = gnu11;
				GCC_NO_COMMON_BLOCKS = YES;
				GCC_WARN_64_TO_32_BIT_CONVERSION = YES;
				GCC_WARN_ABOUT_RETURN_TYPE = YES_ERROR;
				GCC_WARN_UNDECLARED_SELECTOR = YES;
				GCC_WARN_UNINITIALIZED_AUTOS = YES_AGGRESSIVE;
				GCC_WARN_UNUSED_FUNCTION = YES;
				GCC_WARN_UNUSED_VARIABLE = YES;
				IPHONEOS_DEPLOYMENT_TARGET = 13.2;
				MTL_ENABLE_DEBUG_INFO = NO;
				MTL_FAST_MATH = YES;
				SDKROOT = iphoneos;
				SWIFT_COMPILATION_MODE = wholemodule;
				SWIFT_OPTIMIZATION_LEVEL = "-O";
				VALIDATE_PRODUCT = YES;
			};
			name = Release;
		};
		76ED8ACB283ACFCA009F9C61 /* Debug */ = {
			isa = XCBuildConfiguration;
			buildSettings = {
				ASSETCATALOG_COMPILER_APPICON_NAME = AppIcon;
				CODE_SIGN_STYLE = Automatic;
				INFOPLIST_FILE = BetterBuy/Info.plist;
				IPHONEOS_DEPLOYMENT_TARGET = 13.0;
				LD_RUNPATH_SEARCH_PATHS = (
					"$(inherited)",
					"@executable_path/Frameworks",
				);
				PRODUCT_BUNDLE_IDENTIFIER = MohamedAdel.BetterBuy;
				PRODUCT_NAME = "$(TARGET_NAME)";
				SWIFT_VERSION = 5.0;
				TARGETED_DEVICE_FAMILY = "1,2";
			};
			name = Debug;
		};
		76ED8ACC283ACFCA009F9C61 /* Release */ = {
			isa = XCBuildConfiguration;
			buildSettings = {
				ASSETCATALOG_COMPILER_APPICON_NAME = AppIcon;
				CODE_SIGN_STYLE = Automatic;
				INFOPLIST_FILE = BetterBuy/Info.plist;
				IPHONEOS_DEPLOYMENT_TARGET = 13.0;
				LD_RUNPATH_SEARCH_PATHS = (
					"$(inherited)",
					"@executable_path/Frameworks",
				);
				PRODUCT_BUNDLE_IDENTIFIER = MohamedAdel.BetterBuy;
				PRODUCT_NAME = "$(TARGET_NAME)";
				SWIFT_VERSION = 5.0;
				TARGETED_DEVICE_FAMILY = "1,2";
			};
			name = Release;
		};
		76ED8ACE283ACFCA009F9C61 /* Debug */ = {
			isa = XCBuildConfiguration;
			buildSettings = {
				ALWAYS_EMBED_SWIFT_STANDARD_LIBRARIES = YES;
				BUNDLE_LOADER = "$(TEST_HOST)";
				CODE_SIGN_STYLE = Automatic;
				INFOPLIST_FILE = BetterBuyTests/Info.plist;
				IPHONEOS_DEPLOYMENT_TARGET = 13.2;
				LD_RUNPATH_SEARCH_PATHS = (
					"$(inherited)",
					"@executable_path/Frameworks",
					"@loader_path/Frameworks",
				);
				PRODUCT_BUNDLE_IDENTIFIER = MohamedAdel.BetterBuyTests;
				PRODUCT_NAME = "$(TARGET_NAME)";
				SWIFT_VERSION = 5.0;
				TARGETED_DEVICE_FAMILY = "1,2";
				TEST_HOST = "$(BUILT_PRODUCTS_DIR)/BetterBuy.app/BetterBuy";
			};
			name = Debug;
		};
		76ED8ACF283ACFCA009F9C61 /* Release */ = {
			isa = XCBuildConfiguration;
			buildSettings = {
				ALWAYS_EMBED_SWIFT_STANDARD_LIBRARIES = YES;
				BUNDLE_LOADER = "$(TEST_HOST)";
				CODE_SIGN_STYLE = Automatic;
				INFOPLIST_FILE = BetterBuyTests/Info.plist;
				IPHONEOS_DEPLOYMENT_TARGET = 13.2;
				LD_RUNPATH_SEARCH_PATHS = (
					"$(inherited)",
					"@executable_path/Frameworks",
					"@loader_path/Frameworks",
				);
				PRODUCT_BUNDLE_IDENTIFIER = MohamedAdel.BetterBuyTests;
				PRODUCT_NAME = "$(TARGET_NAME)";
				SWIFT_VERSION = 5.0;
				TARGETED_DEVICE_FAMILY = "1,2";
				TEST_HOST = "$(BUILT_PRODUCTS_DIR)/BetterBuy.app/BetterBuy";
			};
			name = Release;
		};
/* End XCBuildConfiguration section */

/* Begin XCConfigurationList section */
		76ED8AA3283ACFC6009F9C61 /* Build configuration list for PBXProject "BetterBuy" */ = {
			isa = XCConfigurationList;
			buildConfigurations = (
				76ED8AC8283ACFCA009F9C61 /* Debug */,
				76ED8AC9283ACFCA009F9C61 /* Release */,
			);
			defaultConfigurationIsVisible = 0;
			defaultConfigurationName = Release;
		};
		76ED8ACA283ACFCA009F9C61 /* Build configuration list for PBXNativeTarget "BetterBuy" */ = {
			isa = XCConfigurationList;
			buildConfigurations = (
				76ED8ACB283ACFCA009F9C61 /* Debug */,
				76ED8ACC283ACFCA009F9C61 /* Release */,
			);
			defaultConfigurationIsVisible = 0;
			defaultConfigurationName = Release;
		};
		76ED8ACD283ACFCA009F9C61 /* Build configuration list for PBXNativeTarget "BetterBuyTests" */ = {
			isa = XCConfigurationList;
			buildConfigurations = (
				76ED8ACE283ACFCA009F9C61 /* Debug */,
				76ED8ACF283ACFCA009F9C61 /* Release */,
			);
			defaultConfigurationIsVisible = 0;
			defaultConfigurationName = Release;
		};
/* End XCConfigurationList section */

/* Begin XCVersionGroup section */
		76ED8AB4283ACFC6009F9C61 /* BetterBuy.xcdatamodeld */ = {
			isa = XCVersionGroup;
			children = (
				76ED8AB5283ACFC6009F9C61 /* BetterBuy.xcdatamodel */,
			);
			currentVersion = 76ED8AB5283ACFC6009F9C61 /* BetterBuy.xcdatamodel */;
			path = BetterBuy.xcdatamodeld;
			sourceTree = "<group>";
			versionGroupType = wrapper.xcdatamodel;
		};
/* End XCVersionGroup section */
	};
	rootObject = 76ED8AA0283ACFC6009F9C61 /* Project object */;
}
